{
  "originHash" : "e39bf8b81685ea4effb825d1932197d71cae196a0cb57d0c64b508ed091c9557",
  "pins" : [
    {
      "identity" : "adhan-swift",
      "kind" : "remoteSourceControl",
      "location" : "https://github.com/batoulapps/adhan-swift.git",
      "state" : {
        "revision" : "a6fa2deee80c5abb0b9ad04466f8ab12b53144e7",
        "version" : "1.5.0"
      }
    },
    {
      "identity" : "sparkle",
      "kind" : "remoteSourceControl",
      "location" : "https://github.com/sparkle-project/Sparkle.git",
      "state" : {
        "revision" : "ac2def288cbff5cfc7df3ffef6abdf45b72bcb0a",
        "version" : "2.9.6"
      }
    }
  ],
  "version" : 3
}
